// !$*UTF8*$!
{
	archiveVersion = 1;
	classes = {
	};
	objectVersion = 46;
	objects = {

/* Begin PBXBuildFile section */
		874478A01E6FA189001D69F1 /* main.m in Sources */ = {isa = PBXBuildFile; fileRef = 8744789F1E6FA189001D69F1 /* main.m */; };
		874478A31E6FA189001D69F1 /* AppDelegate.m in Sources */ = {isa = PBXBuildFile; fileRef = 874478A21E6FA189001D69F1 /* AppDelegate.m */; };
		874478A61E6FA189001D69F1 /* ViewController.m in Sources */ = {isa = PBXBuildFile; fileRef = 874478A51E6FA189001D69F1 /* ViewController.m */; };
		874478A91E6FA189001D69F1 /* Main.storyboard in Resources */ = {isa = PBXBuildFile; fileRef = 874478A71E6FA189001D69F1 /* Main.storyboard */; };
		874478AB1E6FA189001D69F1 /* Assets.xcassets in Resources */ = {isa = PBXBuildFile; fileRef = 874478AA1E6FA189001D69F1 /* Assets.xcassets */; };
		874478AE1E6FA189001D69F1 /* LaunchScreen.storyboard in Resources */ = {isa = PBXBuildFile; fileRef = 874478AC1E6FA189001D69F1 /* LaunchScreen.storyboard */; };
		874478B91E6FA189001D69F1 /* GSPickerDemoTests.m in Sources */ = {isa = PBXBuildFile; fileRef = 874478B81E6FA189001D69F1 /* GSPickerDemoTests.m */; };
		874478C41E6FA189001D69F1 /* GSPickerDemoUITests.m in Sources */ = {isa = PBXBuildFile; fileRef = 874478C31E6FA189001D69F1 /* GSPickerDemoUITests.m */; };
		9E4024FB1E7806E300CF65E4 /* GSVCPicker.m in Sources */ = {isa = PBXBuildFile; fileRef = 9E4024FA1E7806E300CF65E4 /* GSVCPicker.m */; };
		BC4F97251E84F4D6005EE8FA /* GSBadVCViewController.m in Sources */ = {isa = PBXBuildFile; fileRef = BC4F97241E84F4D6005EE8FA /* GSBadVCViewController.m */; };
/* End PBXBuildFile section */

/* Begin PBXContainerItemProxy section */
		874478B51E6FA189001D69F1 /* PBXContainerItemProxy */ = {
			isa = PBXContainerItemProxy;
			containerPortal = 874478931E6FA189001D69F1 /* Project object */;
			proxyType = 1;
			remoteGlobalIDString = 8744789A1E6FA189001D69F1;
			remoteInfo = GSPickerDemo;
		};
		874478C01E6FA189001D69F1 /* PBXContainerItemProxy */ = {
			isa = PBXContainerItemProxy;
			containerPortal = 874478931E6FA189001D69F1 /* Project object */;
			proxyType = 1;
			remoteGlobalIDString = 8744789A1E6FA189001D69F1;
			remoteInfo = GSPickerDemo;
		};
/* End PBXContainerItemProxy section */

/* Begin PBXFileReference section */
		8744789B1E6FA189001D69F1 /* GSPickerDemo.app */ = {isa = PBXFileReference; explicitFileType = wrapper.application; includeInIndex = 0; path = GSPickerDemo.app; sourceTree = BUILT_PRODUCTS_DIR; };
		8744789F1E6FA189001D69F1 /* main.m */ = {isa = PBXFileReference; lastKnownFileType = sourcecode.c.objc; path = main.m; sourceTree = "<group>"; };
		874478A11E6FA189001D69F1 /* AppDelegate.h */ = {isa = PBXFileReference; lastKnownFileType = sourcecode.c.h; path = AppDelegate.h; sourceTree = "<group>"; };
		874478A21E6FA189001D69F1 /* AppDelegate.m */ = {isa = PBXFileReference; lastKnownFileType = sourcecode.c.objc; path = AppDelegate.m; sourceTree = "<group>"; };
		874478A41E6FA189001D69F1 /* ViewController.h */ = {isa = PBXFileReference; lastKnownFileType = sourcecode.c.h; path = ViewController.h; sourceTree = "<group>"; };
		874478A51E6FA189001D69F1 /* ViewController.m */ = {isa = PBXFileReference; lastKnownFileType = sourcecode.c.objc; path = ViewController.m; sourceTree = "<group>"; };
		874478A81E6FA189001D69F1 /* Base */ = {isa = PBXFileReference; lastKnownFileType = file.storyboard; name = Base; path = Base.lproj/Main.storyboard; sourceTree = "<group>"; };
		874478AA1E6FA189001D69F1 /* Assets.xcassets */ = {isa = PBXFileReference; lastKnownFileType = folder.assetcatalog; path = Assets.xcassets; sourceTree = "<group>"; };
		874478AD1E6FA189001D69F1 /* Base */ = {isa = PBXFileReference; lastKnownFileType = file.storyboard; name = Base; path = Base.lproj/LaunchScreen.storyboard; sourceTree = "<group>"; };
		874478AF1E6FA189001D69F1 /* Info.plist */ = {isa = PBXFileReference; lastKnownFileType = text.plist.xml; path = Info.plist; sourceTree = "<group>"; };
		874478B41E6FA189001D69F1 /* GSPickerDemoTests.xctest */ = {isa = PBXFileReference; explicitFileType = wrapper.cfbundle; includeInIndex = 0; path = GSPickerDemoTests.xctest; sourceTree = BUILT_PRODUCTS_DIR; };
		874478B81E6FA189001D69F1 /* GSPickerDemoTests.m */ = {isa = PBXFileReference; lastKnownFileType = sourcecode.c.objc; path = GSPickerDemoTests.m; sourceTree = "<group>"; };
		874478BA1E6FA189001D69F1 /* Info.plist */ = {isa = PBXFileReference; lastKnownFileType = text.plist.xml; path = Info.plist; sourceTree = "<group>"; };
		874478BF1E6FA189001D69F1 /* GSPickerDemoUITests.xctest */ = {isa = PBXFileReference; explicitFileType = wrapper.cfbundle; includeInIndex = 0; path = GSPickerDemoUITests.xctest; sourceTree = BUILT_PRODUCTS_DIR; };
		874478C31E6FA189001D69F1 /* GSPickerDemoUITests.m */ = {isa = PBXFileReference; lastKnownFileType = sourcecode.c.objc; path = GSPickerDemoUITests.m; sourceTree = "<group>"; };
		874478C51E6FA189001D69F1 /* Info.plist */ = {isa = PBXFileReference; lastKnownFileType = text.plist.xml; path = Info.plist; sourceTree = "<group>"; };
		9E4024F91E7806E300CF65E4 /* GSVCPicker.h */ = {isa = PBXFileReference; fileEncoding = 4; lastKnownFileType = sourcecode.c.h; path = GSVCPicker.h; sourceTree = "<group>"; };
		9E4024FA1E7806E300CF65E4 /* GSVCPicker.m */ = {isa = PBXFileReference; fileEncoding = 4; lastKnownFileType = sourcecode.c.objc; path = GSVCPicker.m; sourceTree = "<group>"; };
		BC4F97231E84F4D6005EE8FA /* GSBadVCViewController.h */ = {isa = PBXFileReference; fileEncoding = 4; lastKnownFileType = sourcecode.c.h; path = GSBadVCViewController.h; sourceTree = "<group>"; };
		BC4F97241E84F4D6005EE8FA /* GSBadVCViewController.m */ = {isa = PBXFileReference; fileEncoding = 4; lastKnownFileType = sourcecode.c.objc; path = GSBadVCViewController.m; sourceTree = "<group>"; };
/* End PBXFileReference section */

/* Begin PBXFrameworksBuildPhase section */
		874478981E6FA189001D69F1 /* Frameworks */ = {
			isa = PBXFrameworksBuildPhase;
			buildActionMask = 2147483647;
			files = (
			);
			runOnlyForDeploymentPostprocessing = 0;
		};
		874478B11E6FA189001D69F1 /* Frameworks */ = {
			isa = PBXFrameworksBuildPhase;
			buildActionMask = 2147483647;
			files = (
			);
			runOnlyForDeploymentPostprocessing = 0;
		};
		874478BC1E6FA189001D69F1 /* Frameworks */ = {
			isa = PBXFrameworksBuildPhase;
			buildActionMask = 2147483647;
			files = (
			);
			runOnlyForDeploymentPostprocessing = 0;
		};
/* End PBXFrameworksBuildPhase section */

/* Begin PBXGroup section */
		874478921E6FA189001D69F1 = {
			isa = PBXGroup;
			children = (
				9E4024F81E7806E300CF65E4 /* GSVCPicker */,
				8744789D1E6FA189001D69F1 /* GSPickerDemo */,
				874478B71E6FA189001D69F1 /* GSPickerDemoTests */,
				874478C21E6FA189001D69F1 /* GSPickerDemoUITests */,
				8744789C1E6FA189001D69F1 /* Products */,
			);
			sourceTree = "<group>";
		};
		8744789C1E6FA189001D69F1 /* Products */ = {
			isa = PBXGroup;
			children = (
				8744789B1E6FA189001D69F1 /* GSPickerDemo.app */,
				874478B41E6FA189001D69F1 /* GSPickerDemoTests.xctest */,
				874478BF1E6FA189001D69F1 /* GSPickerDemoUITests.xctest */,
			);
			name = Products;
			sourceTree = "<group>";
		};
		8744789D1E6FA189001D69F1 /* GSPickerDemo */ = {
			isa = PBXGroup;
			children = (
				874478A11E6FA189001D69F1 /* AppDelegate.h */,
				874478A21E6FA189001D69F1 /* AppDelegate.m */,
				874478A41E6FA189001D69F1 /* ViewController.h */,
				874478A51E6FA189001D69F1 /* ViewController.m */,
				BC4F97231E84F4D6005EE8FA /* GSBadVCViewController.h */,
				BC4F97241E84F4D6005EE8FA /* GSBadVCViewController.m */,
				874478A71E6FA189001D69F1 /* Main.storyboard */,
				874478AA1E6FA189001D69F1 /* Assets.xcassets */,
				874478AC1E6FA189001D69F1 /* LaunchScreen.storyboard */,
				874478AF1E6FA189001D69F1 /* Info.plist */,
				8744789E1E6FA189001D69F1 /* Supporting Files */,
			);
			path = GSPickerDemo;
			sourceTree = "<group>";
		};
		8744789E1E6FA189001D69F1 /* Supporting Files */ = {
			isa = PBXGroup;
			children = (
				8744789F1E6FA189001D69F1 /* main.m */,
			);
			name = "Supporting Files";
			sourceTree = "<group>";
		};
		874478B71E6FA189001D69F1 /* GSPickerDemoTests */ = {
			isa = PBXGroup;
			children = (
				874478B81E6FA189001D69F1 /* GSPickerDemoTests.m */,
				874478BA1E6FA189001D69F1 /* Info.plist */,
			);
			path = GSPickerDemoTests;
			sourceTree = "<group>";
		};
		874478C21E6FA189001D69F1 /* GSPickerDemoUITests */ = {
			isa = PBXGroup;
			children = (
				874478C31E6FA189001D69F1 /* GSPickerDemoUITests.m */,
				874478C51E6FA189001D69F1 /* Info.plist */,
			);
			path = GSPickerDemoUITests;
			sourceTree = "<group>";
		};
		9E4024F81E7806E300CF65E4 /* GSVCPicker */ = {
			isa = PBXGroup;
			children = (
				9E4024F91E7806E300CF65E4 /* GSVCPicker.h */,
				9E4024FA1E7806E300CF65E4 /* GSVCPicker.m */,
			);
			path = GSVCPicker;
			sourceTree = "<group>";
		};
/* End PBXGroup section */

/* Begin PBXNativeTarget section */
		8744789A1E6FA189001D69F1 /* GSPickerDemo */ = {
			isa = PBXNativeTarget;
			buildConfigurationList = 874478C81E6FA189001D69F1 /* Build configuration list for PBXNativeTarget "GSPickerDemo" */;
			buildPhases = (
				874478971E6FA189001D69F1 /* Sources */,
				874478981E6FA189001D69F1 /* Frameworks */,
				874478991E6FA189001D69F1 /* Resources */,
			);
			buildRules = (
			);
			dependencies = (
			);
			name = GSPickerDemo;
			productName = GSPickerDemo;
			productReference = 8744789B1E6FA189001D69F1 /* GSPickerDemo.app */;
			productType = "com.apple.product-type.application";
		};
		874478B31E6FA189001D69F1 /* GSPickerDemoTests */ = {
			isa = PBXNativeTarget;
			buildConfigurationList = 874478CB1E6FA189001D69F1 /* Build configuration list for PBXNativeTarget "GSPickerDemoTests" */;
			buildPhases = (
				874478B01E6FA189001D69F1 /* Sources */,
				874478B11E6FA189001D69F1 /* Frameworks */,
				874478B21E6FA189001D69F1 /* Resources */,
			);
			buildRules = (
			);
			dependencies = (
				874478B61E6FA189001D69F1 /* PBXTargetDependency */,
			);
			name = GSPickerDemoTests;
			productName = GSPickerDemoTests;
			productReference = 874478B41E6FA189001D69F1 /* GSPickerDemoTests.xctest */;
			productType = "com.apple.product-type.bundle.unit-test";
		};
		874478BE1E6FA189001D69F1 /* GSPickerDemoUITests */ = {
			isa = PBXNativeTarget;
			buildConfigurationList = 874478CE1E6FA189001D69F1 /* Build configuration list for PBXNativeTarget "GSPickerDemoUITests" */;
			buildPhases = (
				874478BB1E6FA189001D69F1 /* Sources */,
				874478BC1E6FA189001D69F1 /* Frameworks */,
				874478BD1E6FA189001D69F1 /* Resources */,
			);
			buildRules = (
			);
			dependencies = (
				874478C11E6FA189001D69F1 /* PBXTargetDependency */,
			);
			name = GSPickerDemoUITests;
			productName = GSPickerDemoUITests;
			productReference = 874478BF1E6FA189001D69F1 /* GSPickerDemoUITests.xctest */;
			productType = "com.apple.product-type.bundle.ui-testing";
		};
/* End PBXNativeTarget section */

/* Begin PBXProject section */
		874478931E6FA189001D69F1 /* Project object */ = {
			isa = PBXProject;
			attributes = {
				LastUpgradeCheck = 0820;
				ORGANIZATIONNAME = "";
				TargetAttributes = {
					8744789A1E6FA189001D69F1 = {
						CreatedOnToolsVersion = 7.2.1;
					};
					874478B31E6FA189001D69F1 = {
						CreatedOnToolsVersion = 7.2.1;
						TestTargetID = 8744789A1E6FA189001D69F1;
					};
					874478BE1E6FA189001D69F1 = {
						CreatedOnToolsVersion = 7.2.1;
						TestTargetID = 8744789A1E6FA189001D69F1;
					};
				};
			};
			buildConfigurationList = 874478961E6FA189001D69F1 /* Build configuration list for PBXProject "GSPickerDemo" */;
			compatibilityVersion = "Xcode 3.2";
			developmentRegion = English;
			hasScannedForEncodings = 0;
			knownRegions = (
				en,
				Base,
			);
			mainGroup = 874478921E6FA189001D69F1;
			productRefGroup = 8744789C1E6FA189001D69F1 /* Products */;
			projectDirPath = "";
			projectRoot = "";
			targets = (
				8744789A1E6FA189001D69F1 /* GSPickerDemo */,
				874478B31E6FA189001D69F1 /* GSPickerDemoTests */,
				874478BE1E6FA189001D69F1 /* GSPickerDemoUITests */,
			);
		};
/* End PBXProject section */

/* Begin PBXResourcesBuildPhase section */
		874478991E6FA189001D69F1 /* Resources */ = {
			isa = PBXResourcesBuildPhase;
			buildActionMask = 2147483647;
			files = (
				874478AE1E6FA189001D69F1 /* LaunchScreen.storyboard in Resources */,
				874478AB1E6FA189001D69F1 /* Assets.xcassets in Resources */,
				874478A91E6FA189001D69F1 /* Main.storyboard in Resources */,
			);
			runOnlyForDeploymentPostprocessing = 0;
		};
		874478B21E6FA189001D69F1 /* Resources */ = {
			isa = PBXResourcesBuildPhase;
			buildActionMask = 2147483647;
			files = (
			);
			runOnlyForDeploymentPostprocessing = 0;
		};
		874478BD1E6FA189001D69F1 /* Resources */ = {
			isa = PBXResourcesBuildPhase;
			buildActionMask = 2147483647;
			files = (
			);
			runOnlyForDeploymentPostprocessing = 0;
		};
/* End PBXResourcesBuildPhase section */

/* Begin PBXSourcesBuildPhase section */
		874478971E6FA189001D69F1 /* Sources */ = {
			isa = PBXSourcesBuildPhase;
			buildActionMask = 2147483647;
			files = (
				9E4024FB1E7806E300CF65E4 /* GSVCPicker.m in Sources */,
				874478A61E6FA189001D69F1 /* ViewController.m in Sources */,
				874478A31E6FA189001D69F1 /* AppDelegate.m in Sources */,
				874478A01E6FA189001D69F1 /* main.m in Sources */,
				BC4F97251E84F4D6005EE8FA /* GSBadVCViewController.m in Sources */,
			);
			runOnlyForDeploymentPostprocessing = 0;
		};
		874478B01E6FA189001D69F1 /* Sources */ = {
			isa = PBXSourcesBuildPhase;
			buildActionMask = 2147483647;
			files = (
				874478B91E6FA189001D69F1 /* GSPickerDemoTests.m in Sources */,
			);
			runOnlyForDeploymentPostprocessing = 0;
		};
		874478BB1E6FA189001D69F1 /* Sources */ = {
			isa = PBXSourcesBuildPhase;
			buildActionMask = 2147483647;
			files = (
				874478C41E6FA189001D69F1 /* GSPickerDemoUITests.m in Sources */,
			);
			runOnlyForDeploymentPostprocessing = 0;
		};
/* End PBXSourcesBuildPhase section */

/* Begin PBXTargetDependency section */
		874478B61E6FA189001D69F1 /* PBXTargetDependency */ = {
			isa = PBXTargetDependency;
			target = 8744789A1E6FA189001D69F1 /* GSPickerDemo */;
			targetProxy = 874478B51E6FA189001D69F1 /* PBXContainerItemProxy */;
		};
		874478C11E6FA189001D69F1 /* PBXTargetDependency */ = {
			isa = PBXTargetDependency;
			target = 8744789A1E6FA189001D69F1 /* GSPickerDemo */;
			targetProxy = 874478C01E6FA189001D69F1 /* PBXContainerItemProxy */;
		};
/* End PBXTargetDependency section */

/* Begin PBXVariantGroup section */
		874478A71E6FA189001D69F1 /* Main.storyboard */ = {
			isa = PBXVariantGroup;
			children = (
				874478A81E6FA189001D69F1 /* Base */,
			);
			name = Main.storyboard;
			sourceTree = "<group>";
		};
		874478AC1E6FA189001D69F1 /* LaunchScreen.storyboard */ = {
			isa = PBXVariantGroup;
			children = (
				874478AD1E6FA189001D69F1 /* Base */,
			);
			name = LaunchScreen.storyboard;
			sourceTree = "<group>";
		};
/* End PBXVariantGroup section */

/* Begin XCBuildConfiguration section */
		874478C61E6FA189001D69F1 /* Debug */ = {
			isa = XCBuildConfiguration;
			buildSettings = {
				ALWAYS_SEARCH_USER_PATHS = NO;
				CLANG_CXX_LANGUAGE_STANDARD = "gnu++0x";
				CLANG_CXX_LIBRARY = "libc++";
				CLANG_ENABLE_MODULES = YES;
				CLANG_ENABLE_OBJC_ARC = YES;
				CLANG_WARN_BOOL_CONVERSION = YES;
				CLANG_WARN_CONSTANT_CONVERSION = YES;
				CLANG_WARN_DIRECT_OBJC_ISA_USAGE = YES_ERROR;
				CLANG_WARN_EMPTY_BODY = YES;
				CLANG_WARN_ENUM_CONVERSION = YES;
				CLANG_WARN_INFINITE_RECURSION = YES;
				CLANG_WARN_INT_CONVERSION = YES;
				CLANG_WARN_OBJC_ROOT_CLASS = YES_ERROR;
				CLANG_WARN_SUSPICIOUS_MOVE = YES;
				CLANG_WARN_UNREACHABLE_CODE = YES;
				CLANG_WARN__DUPLICATE_METHOD_MATCH = YES;
				"CODE_SIGN_IDENTITY[sdk=iphoneos*]" = "iPhone Developer";
				COPY_PHASE_STRIP = NO;
				DEBUG_INFORMATION_FORMAT = dwarf;
				ENABLE_STRICT_OBJC_MSGSEND = YES;
				ENABLE_TESTABILITY = YES;
				GCC_C_LANGUAGE_STANDARD = gnu99;
				GCC_DYNAMIC_NO_PIC = NO;
				GCC_NO_COMMON_BLOCKS = YES;
				GCC_OPTIMIZATION_LEVEL = 0;
				GCC_PREPROCESSOR_DEFINITIONS = (
					"DEBUG=1",
					"$(inherited)",
				);
				GCC_WARN_64_TO_32_BIT_CONVERSION = YES;
				GCC_WARN_ABOUT_RETURN_TYPE = YES_ERROR;
				GCC_WARN_UNDECLARED_SELECTOR = YES;
				GCC_WARN_UNINITIALIZED_AUTOS = YES_AGGRESSIVE;
				GCC_WARN_UNUSED_FUNCTION = YES;
				GCC_WARN_UNUSED_VARIABLE = YES;
				IPHONEOS_DEPLOYMENT_TARGET = 9.2;
				MTL_ENABLE_DEBUG_INFO = YES;
				ONLY_ACTIVE_ARCH = YES;
				SDKROOT = iphoneos;
				TARGETED_DEVICE_FAMILY = "1,2";
			};
			name = Debug;
		};
		874478C71E6FA189001D69F1 /* Release */ = {
			isa = XCBuildConfiguration;
			buildSettings = {
				ALWAYS_SEARCH_USER_PATHS = NO;
				CLANG_CXX_LANGUAGE_STANDARD = "gnu++0x";
				CLANG_CXX_LIBRARY = "libc++";
				CLANG_ENABLE_MODULES = YES;
				CLANG_ENABLE_OBJC_ARC = YES;
				CLANG_WARN_BOOL_CONVERSION = YES;
				CLANG_WARN_CONSTANT_CONVERSION = YES;
				CLANG_WARN_DIRECT_OBJC_ISA_USAGE = YES_ERROR;
				CLANG_WARN_EMPTY_BODY = YES;
				CLANG_WARN_ENUM_CONVERSION = YES;
				CLANG_WARN_INFINITE_RECURSION = YES;
				CLANG_WARN_INT_CONVERSION = YES;
				CLANG_WARN_OBJC_ROOT_CLASS = YES_ERROR;
				CLANG_WARN_SUSPICIOUS_MOVE = YES;
				CLANG_WARN_UNREACHABLE_CODE = YES;
				CLANG_WARN__DUPLICATE_METHOD_MATCH = YES;
				"CODE_SIGN_IDENTITY[sdk=iphoneos*]" = "iPhone Developer";
				COPY_PHASE_STRIP = NO;
				DEBUG_INFORMATION_FORMAT = "dwarf-with-dsym";
				ENABLE_NS_ASSERTIONS = NO;
				ENABLE_STRICT_OBJC_MSGSEND = YES;
				GCC_C_LANGUAGE_STANDARD = gnu99;
				GCC_NO_COMMON_BLOCKS = YES;
				GCC_WARN_64_TO_32_BIT_CONVERSION = YES;
				GCC_WARN_ABOUT_RETURN_TYPE = YES_ERROR;
				GCC_WARN_UNDECLARED_SELECTOR = YES;
				GCC_WARN_UNINITIALIZED_AUTOS = YES_AGGRESSIVE;
				GCC_WARN_UNUSED_FUNCTION = YES;
				GCC_WARN_UNUSED_VARIABLE = YES;
				IPHONEOS_DEPLOYMENT_TARGET = 9.2;
				MTL_ENABLE_DEBUG_INFO = NO;
				SDKROOT = iphoneos;
				TARGETED_DEVICE_FAMILY = "1,2";
				VALIDATE_PRODUCT = YES;
			};
			name = Release;
		};
		874478C91E6FA189001D69F1 /* Debug */ = {
			isa = XCBuildConfiguration;
			buildSettings = {
				ASSETCATALOG_COMPILER_APPICON_NAME = AppIcon;
				INFOPLIST_FILE = GSPickerDemo/Info.plist;
				IPHONEOS_DEPLOYMENT_TARGET = 8.0;
				LD_RUNPATH_SEARCH_PATHS = "$(inherited) @executable_path/Frameworks";
				PRODUCT_BUNDLE_IDENTIFIER = suohuowang.GSPickerDemo;
				PRODUCT_NAME = "$(TARGET_NAME)";
			};
			name = Debug;
		};
		874478CA1E6FA189001D69F1 /* Release */ = {
			isa = XCBuildConfiguration;
			buildSettings = {
				ASSETCATALOG_COMPILER_APPICON_NAME = AppIcon;
				INFOPLIST_FILE = GSPickerDemo/Info.plist;
				IPHONEOS_DEPLOYMENT_TARGET = 8.0;
				LD_RUNPATH_SEARCH_PATHS = "$(inherited) @executable_path/Frameworks";
				PRODUCT_BUNDLE_IDENTIFIER = suohuowang.GSPickerDemo;
				PRODUCT_NAME = "$(TARGET_NAME)";
			};
			name = Release;
		};
		874478CC1E6FA189001D69F1 /* Debug */ = {
			isa = XCBuildConfiguration;
			buildSettings = {
				BUNDLE_LOADER = "$(TEST_HOST)";
				INFOPLIST_FILE = GSPickerDemoTests/Info.plist;
				LD_RUNPATH_SEARCH_PATHS = "$(inherited) @executable_path/Frameworks @loader_path/Frameworks";
				PRODUCT_BUNDLE_IDENTIFIER = suohuowang.GSPickerDemoTests;
				PRODUCT_NAME = "$(TARGET_NAME)";
				TEST_HOST = "$(BUILT_PRODUCTS_DIR)/GSPickerDemo.app/GSPickerDemo";
			};
			name = Debug;
		};
		874478CD1E6FA189001D69F1 /* Release */ = {
			isa = XCBuildConfiguration;
			buildSettings = {
				BUNDLE_LOADER = "$(TEST_HOST)";
				INFOPLIST_FILE = GSPickerDemoTests/Info.plist;
				LD_RUNPATH_SEARCH_PATHS = "$(inherited) @executable_path/Frameworks @loader_path/Frameworks";
				PRODUCT_BUNDLE_IDENTIFIER = suohuowang.GSPickerDemoTests;
				PRODUCT_NAME = "$(TARGET_NAME)";
				TEST_HOST = "$(BUILT_PRODUCTS_DIR)/GSPickerDemo.app/GSPickerDemo";
			};
			name = Release;
		};
		874478CF1E6FA189001D69F1 /* Debug */ = {
			isa = XCBuildConfiguration;
			buildSettings = {
				INFOPLIST_FILE = GSPickerDemoUITests/Info.plist;
				LD_RUNPATH_SEARCH_PATHS = "$(inherited) @executable_path/Frameworks @loader_path/Frameworks";
				PRODUCT_BUNDLE_IDENTIFIER = suohuowang.GSPickerDemoUITests;
				PRODUCT_NAME = "$(TARGET_NAME)";
				TEST_TARGET_NAME = GSPickerDemo;
				USES_XCTRUNNER = YES;
			};
			name = Debug;
		};
		874478D01E6FA189001D69F1 /* Release */ = {
			isa = XCBuildConfiguration;
			buildSettings = {
				INFOPLIST_FILE = GSPickerDemoUITests/Info.plist;
				LD_RUNPATH_SEARCH_PATHS = "$(inherited) @executable_path/Frameworks @loader_path/Frameworks";
				PRODUCT_BUNDLE_IDENTIFIER = suohuowang.GSPickerDemoUITests;
				PRODUCT_NAME = "$(TARGET_NAME)";
				TEST_TARGET_NAME = GSPickerDemo;
				USES_XCTRUNNER = YES;
			};
			name = Release;
		};
/* End XCBuildConfiguration section */

/* Begin XCConfigurationList section */
		874478961E6FA189001D69F1 /* Build configuration list for PBXProject "GSPickerDemo" */ = {
			isa = XCConfigurationList;
			buildConfigurations = (
				874478C61E6FA189001D69F1 /* Debug */,
				874478C71E6FA189001D69F1 /* Release */,
			);
			defaultConfigurationIsVisible = 0;
			defaultConfigurationName = Release;
		};
		874478C81E6FA189001D69F1 /* Build configuration list for PBXNativeTarget "GSPickerDemo" */ = {
			isa = XCConfigurationList;
			buildConfigurations = (
				874478C91E6FA189001D69F1 /* Debug */,
				874478CA1E6FA189001D69F1 /* Release */,
			);
			defaultConfigurationIsVisible = 0;
			defaultConfigurationName = Release;
		};
		874478CB1E6FA189001D69F1 /* Build configuration list for PBXNativeTarget "GSPickerDemoTests" */ = {
			isa = XCConfigurationList;
			buildConfigurations = (
				874478CC1E6FA189001D69F1 /* Debug */,
				874478CD1E6FA189001D69F1 /* Release */,
			);
			defaultConfigurationIsVisible = 0;
			defaultConfigurationName = Release;
		};
		874478CE1E6FA189001D69F1 /* Build configuration list for PBXNativeTarget "GSPickerDemoUITests" */ = {
			isa = XCConfigurationList;
			buildConfigurations = (
				874478CF1E6FA189001D69F1 /* Debug */,
				874478D01E6FA189001D69F1 /* Release */,
			);
			defaultConfigurationIsVisible = 0;
			defaultConfigurationName = Release;
		};
/* End XCConfigurationList section */
	};
	rootObject = 874478931E6FA189001D69F1 /* Project object */;
}
